// !$*UTF8*$!
{
	archiveVersion = 1;
	classes = {
	};
	objectVersion = 55;
	objects = {

/* Begin PBXBuildFile section */
		0432BDAD2771AE2C00086E09 /* FruitHeaderView.swift in Sources */ = {isa = PBXBuildFile; fileRef = 0432BDAC2771AE2C00086E09 /* FruitHeaderView.swift */; };
		0432BDAF2771B01A00086E09 /* SourceLinkView.swift in Sources */ = {isa = PBXBuildFile; fileRef = 0432BDAE2771B01A00086E09 /* SourceLinkView.swift */; };
		0432BDB12771B79F00086E09 /* FruitNutientsView.swift in Sources */ = {isa = PBXBuildFile; fileRef = 0432BDB02771B79F00086E09 /* FruitNutientsView.swift */; };
		044CA0382772BE67003DB0BA /* SettingView.swift in Sources */ = {isa = PBXBuildFile; fileRef = 044CA0372772BE67003DB0BA /* SettingView.swift */; };
		044CA03B2772C7B2003DB0BA /* SettingsLabelView.swift in Sources */ = {isa = PBXBuildFile; fileRef = 044CA03A2772C7B2003DB0BA /* SettingsLabelView.swift */; };
		044CA03D2772E48F003DB0BA /* SettingsRowView.swift in Sources */ = {isa = PBXBuildFile; fileRef = 044CA03C2772E48F003DB0BA /* SettingsRowView.swift */; };
		04D8F6C02771618F001F7E24 /* Section6FruitsApp.swift in Sources */ = {isa = PBXBuildFile; fileRef = 04D8F6BF2771618F001F7E24 /* Section6FruitsApp.swift */; };
		04D8F6C42771618F001F7E24 /* Assets.xcassets in Resources */ = {isa = PBXBuildFile; fileRef = 04D8F6C32771618F001F7E24 /* Assets.xcassets */; };
		04D8F6C72771618F001F7E24 /* Preview Assets.xcassets in Resources */ = {isa = PBXBuildFile; fileRef = 04D8F6C62771618F001F7E24 /* Preview Assets.xcassets */; };
		04D8F6D027716C1A001F7E24 /* FruitCardView.swift in Sources */ = {isa = PBXBuildFile; fileRef = 04D8F6CF27716C1A001F7E24 /* FruitCardView.swift */; };
		04D8F6D227717248001F7E24 /* StartButtonView.swift in Sources */ = {isa = PBXBuildFile; fileRef = 04D8F6D127717248001F7E24 /* StartButtonView.swift */; };
		04D8F6D427717656001F7E24 /* OnboardingView.swift in Sources */ = {isa = PBXBuildFile; fileRef = 04D8F6D327717656001F7E24 /* OnboardingView.swift */; };
		04D8F6D727719106001F7E24 /* FruitModel.swift in Sources */ = {isa = PBXBuildFile; fileRef = 04D8F6D627719106001F7E24 /* FruitModel.swift */; };
		04D8F6DA277191EC001F7E24 /* FruitData.swift in Sources */ = {isa = PBXBuildFile; fileRef = 04D8F6D9277191EC001F7E24 /* FruitData.swift */; };
		04D8F6DC2771A019001F7E24 /* ContentView.swift in Sources */ = {isa = PBXBuildFile; fileRef = 04D8F6DB2771A019001F7E24 /* ContentView.swift */; };
		04D8F6DE2771A104001F7E24 /* FruitRowView.swift in Sources */ = {isa = PBXBuildFile; fileRef = 04D8F6DD2771A104001F7E24 /* FruitRowView.swift */; };
		04D8F6E02771AAF9001F7E24 /* FruitDetailView.swift in Sources */ = {isa = PBXBuildFile; fileRef = 04D8F6DF2771AAF9001F7E24 /* FruitDetailView.swift */; };
/* End PBXBuildFile section */

/* Begin PBXFileReference section */
		0432BDAC2771AE2C00086E09 /* FruitHeaderView.swift */ = {isa = PBXFileReference; lastKnownFileType = sourcecode.swift; path = FruitHeaderView.swift; sourceTree = "<group>"; };
		0432BDAE2771B01A00086E09 /* SourceLinkView.swift */ = {isa = PBXFileReference; lastKnownFileType = sourcecode.swift; path = SourceLinkView.swift; sourceTree = "<group>"; };
		0432BDB02771B79F00086E09 /* FruitNutientsView.swift */ = {isa = PBXFileReference; lastKnownFileType = sourcecode.swift; path = FruitNutientsView.swift; sourceTree = "<group>"; };
		044CA0372772BE67003DB0BA /* SettingView.swift */ = {isa = PBXFileReference; lastKnownFileType = sourcecode.swift; path = SettingView.swift; sourceTree = "<group>"; };
		044CA03A2772C7B2003DB0BA /* SettingsLabelView.swift */ = {isa = PBXFileReference; lastKnownFileType = sourcecode.swift; path = SettingsLabelView.swift; sourceTree = "<group>"; };
		044CA03C2772E48F003DB0BA /* SettingsRowView.swift */ = {isa = PBXFileReference; lastKnownFileType = sourcecode.swift; path = SettingsRowView.swift; sourceTree = "<group>"; };
		04D8F6BC2771618F001F7E24 /* Section6Fruits.app */ = {isa = PBXFileReference; explicitFileType = wrapper.application; includeInIndex = 0; path = Section6Fruits.app; sourceTree = BUILT_PRODUCTS_DIR; };
		04D8F6BF2771618F001F7E24 /* Section6FruitsApp.swift */ = {isa = PBXFileReference; lastKnownFileType = sourcecode.swift; path = Section6FruitsApp.swift; sourceTree = "<group>"; };
		04D8F6C32771618F001F7E24 /* Assets.xcassets */ = {isa = PBXFileReference; lastKnownFileType = folder.assetcatalog; path = Assets.xcassets; sourceTree = "<group>"; };
		04D8F6C62771618F001F7E24 /* Preview Assets.xcassets */ = {isa = PBXFileReference; lastKnownFileType = folder.assetcatalog; path = "Preview Assets.xcassets"; sourceTree = "<group>"; };
		04D8F6CF27716C1A001F7E24 /* FruitCardView.swift */ = {isa = PBXFileReference; lastKnownFileType = sourcecode.swift; path = FruitCardView.swift; sourceTree = "<group>"; };
		04D8F6D127717248001F7E24 /* StartButtonView.swift */ = {isa = PBXFileReference; lastKnownFileType = sourcecode.swift; path = StartButtonView.swift; sourceTree = "<group>"; };
		04D8F6D327717656001F7E24 /* OnboardingView.swift */ = {isa = PBXFileReference; lastKnownFileType = sourcecode.swift; path = OnboardingView.swift; sourceTree = "<group>"; };
		04D8F6D627719106001F7E24 /* FruitModel.swift */ = {isa = PBXFileReference; lastKnownFileType = sourcecode.swift; path = FruitModel.swift; sourceTree = "<group>"; };
		04D8F6D9277191EC001F7E24 /* FruitData.swift */ = {isa = PBXFileReference; lastKnownFileType = sourcecode.swift; path = FruitData.swift; sourceTree = "<group>"; };
		04D8F6DB2771A019001F7E24 /* ContentView.swift */ = {isa = PBXFileReference; lastKnownFileType = sourcecode.swift; path = ContentView.swift; sourceTree = "<group>"; };
		04D8F6DD2771A104001F7E24 /* FruitRowView.swift */ = {isa = PBXFileReference; lastKnownFileType = sourcecode.swift; path = FruitRowView.swift; sourceTree = "<group>"; };
		04D8F6DF2771AAF9001F7E24 /* FruitDetailView.swift */ = {isa = PBXFileReference; lastKnownFileType = sourcecode.swift; path = FruitDetailView.swift; sourceTree = "<group>"; };
/* End PBXFileReference section */

/* Begin PBXFrameworksBuildPhase section */
		04D8F6B92771618F001F7E24 /* Frameworks */ = {
			isa = PBXFrameworksBuildPhase;
			buildActionMask = 2147483647;
			files = (
			);
			runOnlyForDeploymentPostprocessing = 0;
		};
/* End PBXFrameworksBuildPhase section */

/* Begin PBXGroup section */
		04D8F6B32771618E001F7E24 = {
			isa = PBXGroup;
			children = (
				04D8F6BE2771618F001F7E24 /* Section6Fruits */,
				04D8F6BD2771618F001F7E24 /* Products */,
			);
			sourceTree = "<group>";
		};
		04D8F6BD2771618F001F7E24 /* Products */ = {
			isa = PBXGroup;
			children = (
				04D8F6BC2771618F001F7E24 /* Section6Fruits.app */,
			);
			name = Products;
			sourceTree = "<group>";
		};
		04D8F6BE2771618F001F7E24 /* Section6Fruits */ = {
			isa = PBXGroup;
			children = (
				04D8F6D8277191D9001F7E24 /* Data */,
				04D8F6D5277190F3001F7E24 /* Model */,
				04D8F6CE27716BF4001F7E24 /* View */,
				04D8F6CD27716BEB001F7E24 /* App */,
				04D8F6C32771618F001F7E24 /* Assets.xcassets */,
				04D8F6C52771618F001F7E24 /* Preview Content */,
			);
			path = Section6Fruits;
			sourceTree = "<group>";
		};
		04D8F6C52771618F001F7E24 /* Preview Content */ = {
			isa = PBXGroup;
			children = (
				04D8F6C62771618F001F7E24 /* Preview Assets.xcassets */,
			);
			path = "Preview Content";
			sourceTree = "<group>";
		};
		04D8F6CD27716BEB001F7E24 /* App */ = {
			isa = PBXGroup;
			children = (
				04D8F6BF2771618F001F7E24 /* Section6FruitsApp.swift */,
				04D8F6D327717656001F7E24 /* OnboardingView.swift */,
				04D8F6DB2771A019001F7E24 /* ContentView.swift */,
				04D8F6DF2771AAF9001F7E24 /* FruitDetailView.swift */,
				044CA0372772BE67003DB0BA /* SettingView.swift */,
			);
			path = App;
			sourceTree = "<group>";
		};
		04D8F6CE27716BF4001F7E24 /* View */ = {
			isa = PBXGroup;
			children = (
				04D8F6CF27716C1A001F7E24 /* FruitCardView.swift */,
				04D8F6D127717248001F7E24 /* StartButtonView.swift */,
				04D8F6DD2771A104001F7E24 /* FruitRowView.swift */,
				0432BDAC2771AE2C00086E09 /* FruitHeaderView.swift */,
				0432BDAE2771B01A00086E09 /* SourceLinkView.swift */,
				0432BDB02771B79F00086E09 /* FruitNutientsView.swift */,
				044CA03A2772C7B2003DB0BA /* SettingsLabelView.swift */,
				044CA03C2772E48F003DB0BA /* SettingsRowView.swift */,
			);
			path = View;
			sourceTree = "<group>";
		};
		04D8F6D5277190F3001F7E24 /* Model */ = {
			isa = PBXGroup;
			children = (
				04D8F6D627719106001F7E24 /* FruitModel.swift */,
			);
			path = Model;
			sourceTree = "<group>";
		};
		04D8F6D8277191D9001F7E24 /* Data */ = {
			isa = PBXGroup;
			children = (
				04D8F6D9277191EC001F7E24 /* FruitData.swift */,
			);
			path = Data;
			sourceTree = "<group>";
		};
/* End PBXGroup section */

/* Begin PBXNativeTarget section */
		04D8F6BB2771618F001F7E24 /* Section6Fruits */ = {
			isa = PBXNativeTarget;
			buildConfigurationList = 04D8F6CA2771618F001F7E24 /* Build configuration list for PBXNativeTarget "Section6Fruits" */;
			buildPhases = (
				04D8F6B82771618F001F7E24 /* Sources */,
				04D8F6B92771618F001F7E24 /* Frameworks */,
				04D8F6BA2771618F001F7E24 /* Resources */,
			);
			buildRules = (
			);
			dependencies = (
			);
			name = Section6Fruits;
			productName = Section6Fruits;
			productReference = 04D8F6BC2771618F001F7E24 /* Section6Fruits.app */;
			productType = "com.apple.product-type.application";
		};
/* End PBXNativeTarget section */

/* Begin PBXProject section */
		04D8F6B42771618F001F7E24 /* Project object */ = {
			isa = PBXProject;
			attributes = {
				BuildIndependentTargetsInParallel = 1;
				LastSwiftUpdateCheck = 1320;
				LastUpgradeCheck = 1320;
				TargetAttributes = {
					04D8F6BB2771618F001F7E24 = {
						CreatedOnToolsVersion = 13.2;
					};
				};
			};
			buildConfigurationList = 04D8F6B72771618F001F7E24 /* Build configuration list for PBXProject "Section6Fruits" */;
			compatibilityVersion = "Xcode 13.0";
			developmentRegion = en;
			hasScannedForEncodings = 0;
			knownRegions = (
				en,
				Base,
			);
			mainGroup = 04D8F6B32771618E001F7E24;
			productRefGroup = 04D8F6BD2771618F001F7E24 /* Products */;
			projectDirPath = "";
			projectRoot = "";
			targets = (
				04D8F6BB2771618F001F7E24 /* Section6Fruits */,
			);
		};
/* End PBXProject section */

/* Begin PBXResourcesBuildPhase section */
		04D8F6BA2771618F001F7E24 /* Resources */ = {
			isa = PBXResourcesBuildPhase;
			buildActionMask = 2147483647;
			files = (
				04D8F6C72771618F001F7E24 /* Preview Assets.xcassets in Resources */,
				04D8F6C42771618F001F7E24 /* Assets.xcassets in Resources */,
			);
			runOnlyForDeploymentPostprocessing = 0;
		};
/* End PBXResourcesBuildPhase section */

/* Begin PBXSourcesBuildPhase section */
		04D8F6B82771618F001F7E24 /* Sources */ = {
			isa = PBXSourcesBuildPhase;
			buildActionMask = 2147483647;
			files = (
				04D8F6D027716C1A001F7E24 /* FruitCardView.swift in Sources */,
				0432BDAF2771B01A00086E09 /* SourceLinkView.swift in Sources */,
				044CA03D2772E48F003DB0BA /* SettingsRowView.swift in Sources */,
				04D8F6D227717248001F7E24 /* StartButtonView.swift in Sources */,
				04D8F6DE2771A104001F7E24 /* FruitRowView.swift in Sources */,
				04D8F6DC2771A019001F7E24 /* ContentView.swift in Sources */,
				0432BDB12771B79F00086E09 /* FruitNutientsView.swift in Sources */,
				04D8F6E02771AAF9001F7E24 /* FruitDetailView.swift in Sources */,
				04D8F6DA277191EC001F7E24 /* FruitData.swift in Sources */,
				044CA0382772BE67003DB0BA /* SettingView.swift in Sources */,
				0432BDAD2771AE2C00086E09 /* FruitHeaderView.swift in Sources */,
				044CA03B2772C7B2003DB0BA /* SettingsLabelView.swift in Sources */,
				04D8F6D727719106001F7E24 /* FruitModel.swift in Sources */,
				04D8F6D427717656001F7E24 /* OnboardingView.swift in Sources */,
				04D8F6C02771618F001F7E24 /* Section6FruitsApp.swift in Sources */,
			);
			runOnlyForDeploymentPostprocessing = 0;
		};
/* End PBXSourcesBuildPhase section */

/* Begin XCBuildConfiguration section */
		04D8F6C82771618F001F7E24 /* Debug */ = {
			isa = XCBuildConfiguration;
			buildSettings = {
				ALWAYS_SEARCH_USER_PATHS = NO;
				CLANG_ANALYZER_NONNULL = YES;
				CLANG_ANALYZER_NUMBER_OBJECT_CONVERSION = YES_AGGRESSIVE;
				CLANG_CXX_LANGUAGE_STANDARD = "gnu++17";
				CLANG_CXX_LIBRARY = "libc++";
				CLANG_ENABLE_MODULES = YES;
				CLANG_ENABLE_OBJC_ARC = YES;
				CLANG_ENABLE_OBJC_WEAK = YES;
				CLANG_WARN_BLOCK_CAPTURE_AUTORELEASING = YES;
				CLANG_WARN_BOOL_CONVERSION = YES;
				CLANG_WARN_COMMA = YES;
				CLANG_WARN_CONSTANT_CONVERSION = YES;
				CLANG_WARN_DEPRECATED_OBJC_IMPLEMENTATIONS = YES;
				CLANG_WARN_DIRECT_OBJC_ISA_USAGE = YES_ERROR;
				CLANG_WARN_DOCUMENTATION_COMMENTS = YES;
				CLANG_WARN_EMPTY_BODY = YES;
				CLANG_WARN_ENUM_CONVERSION = YES;
				CLANG_WARN_INFINITE_RECURSION = YES;
				CLANG_WARN_INT_CONVERSION = YES;
				CLANG_WARN_NON_LITERAL_NULL_CONVERSION = YES;
				CLANG_WARN_OBJC_IMPLICIT_RETAIN_SELF = YES;
				CLANG_WARN_OBJC_LITERAL_CONVERSION = YES;
				CLANG_WARN_OBJC_ROOT_CLASS = YES_ERROR;
				CLANG_WARN_QUOTED_INCLUDE_IN_FRAMEWORK_HEADER = YES;
				CLANG_WARN_RANGE_LOOP_ANALYSIS = YES;
				CLANG_WARN_STRICT_PROTOTYPES = YES;
				CLANG_WARN_SUSPICIOUS_MOVE = YES;
				CLANG_WARN_UNGUARDED_AVAILABILITY = YES_AGGRESSIVE;
				CLANG_WARN_UNREACHABLE_CODE = YES;
				CLANG_WARN__DUPLICATE_METHOD_MATCH = YES;
				COPY_PHASE_STRIP = NO;
				DEBUG_INFORMATION_FORMAT = dwarf;
				ENABLE_STRICT_OBJC_MSGSEND = YES;
				ENABLE_TESTABILITY = YES;
				GCC_C_LANGUAGE_STANDARD = gnu11;
				GCC_DYNAMIC_NO_PIC = NO;
				GCC_NO_COMMON_BLOCKS = YES;
				GCC_OPTIMIZATION_LEVEL = 0;
				GCC_PREPROCESSOR_DEFINITIONS = (
					"DEBUG=1",
					"$(inherited)",
				);
				GCC_WARN_64_TO_32_BIT_CONVERSION = YES;
				GCC_WARN_ABOUT_RETURN_TYPE = YES_ERROR;
				GCC_WARN_UNDECLARED_SELECTOR = YES;
				GCC_WARN_UNINITIALIZED_AUTOS = YES_AGGRESSIVE;
				GCC_WARN_UNUSED_FUNCTION = YES;
				GCC_WARN_UNUSED_VARIABLE = YES;
				IPHONEOS_DEPLOYMENT_TARGET = 15.2;
				MTL_ENABLE_DEBUG_INFO = INCLUDE_SOURCE;
				MTL_FAST_MATH = YES;
				ONLY_ACTIVE_ARCH = YES;
				SDKROOT = iphoneos;
				SWIFT_ACTIVE_COMPILATION_CONDITIONS = DEBUG;
				SWIFT_OPTIMIZATION_LEVEL = "-Onone";
			};
			name = Debug;
		};
		04D8F6C92771618F001F7E24 /* Release */ = {
			isa = XCBuildConfiguration;
			buildSettings = {
				ALWAYS_SEARCH_USER_PATHS = NO;
				CLANG_ANALYZER_NONNULL = YES;
				CLANG_ANALYZER_NUMBER_OBJECT_CONVERSION = YES_AGGRESSIVE;
				CLANG_CXX_LANGUAGE_STANDARD = "gnu++17";
				CLANG_CXX_LIBRARY = "libc++";
				CLANG_ENABLE_MODULES = YES;
				CLANG_ENABLE_OBJC_ARC = YES;
				CLANG_ENABLE_OBJC_WEAK = YES;
				CLANG_WARN_BLOCK_CAPTURE_AUTORELEASING = YES;
				CLANG_WARN_BOOL_CONVERSION = YES;
				CLANG_WARN_COMMA = YES;
				CLANG_WARN_CONSTANT_CONVERSION = YES;
				CLANG_WARN_DEPRECATED_OBJC_IMPLEMENTATIONS = YES;
				CLANG_WARN_DIRECT_OBJC_ISA_USAGE = YES_ERROR;
				CLANG_WARN_DOCUMENTATION_COMMENTS = YES;
				CLANG_WARN_EMPTY_BODY = YES;
				CLANG_WARN_ENUM_CONVERSION = YES;
				CLANG_WARN_INFINITE_RECURSION = YES;
				CLANG_WARN_INT_CONVERSION = YES;
				CLANG_WARN_NON_LITERAL_NULL_CONVERSION = YES;
				CLANG_WARN_OBJC_IMPLICIT_RETAIN_SELF = YES;
				CLANG_WARN_OBJC_LITERAL_CONVERSION = YES;
				CLANG_WARN_OBJC_ROOT_CLASS = YES_ERROR;
				CLANG_WARN_QUOTED_INCLUDE_IN_FRAMEWORK_HEADER = YES;
				CLANG_WARN_RANGE_LOOP_ANALYSIS = YES;
				CLANG_WARN_STRICT_PROTOTYPES = YES;
				CLANG_WARN_SUSPICIOUS_MOVE = YES;
				CLANG_WARN_UNGUARDED_AVAILABILITY = YES_AGGRESSIVE;
				CLANG_WARN_UNREACHABLE_CODE = YES;
				CLANG_WARN__DUPLICATE_METHOD_MATCH = YES;
				COPY_PHASE_STRIP = NO;
				DEBUG_INFORMATION_FORMAT = "dwarf-with-dsym";
				ENABLE_NS_ASSERTIONS = NO;
				ENABLE_STRICT_OBJC_MSGSEND = YES;
				GCC_C_LANGUAGE_STANDARD = gnu11;
				GCC_NO_COMMON_BLOCKS = YES;
				GCC_WARN_64_TO_32_BIT_CONVERSION = YES;
				GCC_WARN_ABOUT_RETURN_TYPE = YES_ERROR;
				GCC_WARN_UNDECLARED_SELECTOR = YES;
				GCC_WARN_UNINITIALIZED_AUTOS = YES_AGGRESSIVE;
				GCC_WARN_UNUSED_FUNCTION = YES;
				GCC_WARN_UNUSED_VARIABLE = YES;
				IPHONEOS_DEPLOYMENT_TARGET = 15.2;
				MTL_ENABLE_DEBUG_INFO = NO;
				MTL_FAST_MATH = YES;
				SDKROOT = iphoneos;
				SWIFT_COMPILATION_MODE = wholemodule;
				SWIFT_OPTIMIZATION_LEVEL = "-O";
				VALIDATE_PRODUCT = YES;
			};
			name = Release;
		};
		04D8F6CB2771618F001F7E24 /* Debug */ = {
			isa = XCBuildConfiguration;
			buildSettings = {
				ASSETCATALOG_COMPILER_APPICON_NAME = AppIcon;
				ASSETCATALOG_COMPILER_GLOBAL_ACCENT_COLOR_NAME = AccentColor;
				CODE_SIGN_STYLE = Automatic;
				CURRENT_PROJECT_VERSION = 1;
				DEVELOPMENT_ASSET_PATHS = "\"Section6Fruits/Preview Content\"";
				DEVELOPMENT_TEAM = 4BNK27X5VR;
				ENABLE_PREVIEWS = YES;
				GENERATE_INFOPLIST_FILE = YES;
				INFOPLIST_KEY_UIApplicationSceneManifest_Generation = YES;
				INFOPLIST_KEY_UIApplicationSupportsIndirectInputEvents = YES;
				INFOPLIST_KEY_UILaunchScreen_Generation = YES;
				INFOPLIST_KEY_UISupportedInterfaceOrientations_iPad = "UIInterfaceOrientationPortrait UIInterfaceOrientationPortraitUpsideDown UIInterfaceOrientationLandscapeLeft UIInterfaceOrientationLandscapeRight";
				INFOPLIST_KEY_UISupportedInterfaceOrientations_iPhone = "UIInterfaceOrientationPortrait UIInterfaceOrientationLandscapeLeft UIInterfaceOrientationLandscapeRight";
				IPHONEOS_DEPLOYMENT_TARGET = 15.0;
				LD_RUNPATH_SEARCH_PATHS = (
					"$(inherited)",
					"@executable_path/Frameworks",
				);
				MARKETING_VERSION = 1.0;
				PRODUCT_BUNDLE_IDENTIFIER = nearthlab.Section6Fruits;
				PRODUCT_NAME = "$(TARGET_NAME)";
				SWIFT_EMIT_LOC_STRINGS = YES;
				SWIFT_VERSION = 5.0;
				TARGETED_DEVICE_FAMILY = "1,2";
			};
			name = Debug;
		};
		04D8F6CC2771618F001F7E24 /* Release */ = {
			isa = XCBuildConfiguration;
			buildSettings = {
				ASSETCATALOG_COMPILER_APPICON_NAME = AppIcon;
				ASSETCATALOG_COMPILER_GLOBAL_ACCENT_COLOR_NAME = AccentColor;
				CODE_SIGN_STYLE = Automatic;
				CURRENT_PROJECT_VERSION = 1;
				DEVELOPMENT_ASSET_PATHS = "\"Section6Fruits/Preview Content\"";
				DEVELOPMENT_TEAM = 4BNK27X5VR;
				ENABLE_PREVIEWS = YES;
				GENERATE_INFOPLIST_FILE = YES;
				INFOPLIST_KEY_UIApplicationSceneManifest_Generation = YES;
				INFOPLIST_KEY_UIApplicationSupportsIndirectInputEvents = YES;
				INFOPLIST_KEY_UILaunchScreen_Generation = YES;
				INFOPLIST_KEY_UISupportedInterfaceOrientations_iPad = "UIInterfaceOrientationPortrait UIInterfaceOrientationPortraitUpsideDown UIInterfaceOrientationLandscapeLeft UIInterfaceOrientationLandscapeRight";
				INFOPLIST_KEY_UISupportedInterfaceOrientations_iPhone = "UIInterfaceOrientationPortrait UIInterfaceOrientationLandscapeLeft UIInterfaceOrientationLandscapeRight";
				IPHONEOS_DEPLOYMENT_TARGET = 15.0;
				LD_RUNPATH_SEARCH_PATHS = (
					"$(inherited)",
					"@executable_path/Frameworks",
				);
				MARKETING_VERSION = 1.0;
				PRODUCT_BUNDLE_IDENTIFIER = nearthlab.Section6Fruits;
				PRODUCT_NAME = "$(TARGET_NAME)";
				SWIFT_EMIT_LOC_STRINGS = YES;
				SWIFT_VERSION = 5.0;
				TARGETED_DEVICE_FAMILY = "1,2";
			};
			name = Release;
		};
/* End XCBuildConfiguration section */

/* Begin XCConfigurationList section */
		04D8F6B72771618F001F7E24 /* Build configuration list for PBXProject "Section6Fruits" */ = {
			isa = XCConfigurationList;
			buildConfigurations = (
				04D8F6C82771618F001F7E24 /* Debug */,
				04D8F6C92771618F001F7E24 /* Release */,
			);
			defaultConfigurationIsVisible = 0;
			defaultConfigurationName = Release;
		};
		04D8F6CA2771618F001F7E24 /* Build configuration list for PBXNativeTarget "Section6Fruits" */ = {
			isa = XCConfigurationList;
			buildConfigurations = (
				04D8F6CB2771618F001F7E24 /* Debug */,
				04D8F6CC2771618F001F7E24 /* Release */,
			);
			defaultConfigurationIsVisible = 0;
			defaultConfigurationName = Release;
		};
/* End XCConfigurationList section */
	};
	rootObject = 04D8F6B42771618F001F7E24 /* Project object */;
}
